// !$*UTF8*$!
{
	archiveVersion = 1;
	classes = {
	};
	objectVersion = 46;
	objects = {

/* Begin PBXBuildFile section */
		396ED8161A45D0F000A4E2FD /* AppDelegate.swift in Sources */ = {isa = PBXBuildFile; fileRef = 396ED8151A45D0F000A4E2FD /* AppDelegate.swift */; };
		396ED8181A45D0F000A4E2FD /* ViewController.swift in Sources */ = {isa = PBXBuildFile; fileRef = 396ED8171A45D0F000A4E2FD /* ViewController.swift */; };
		396ED81B1A45D0F000A4E2FD /* Main.storyboard in Resources */ = {isa = PBXBuildFile; fileRef = 396ED8191A45D0F000A4E2FD /* Main.storyboard */; };
		396ED81D1A45D0F000A4E2FD /* Images.xcassets in Resources */ = {isa = PBXBuildFile; fileRef = 396ED81C1A45D0F000A4E2FD /* Images.xcassets */; };
		396ED8201A45D0F000A4E2FD /* LaunchScreen.xib in Resources */ = {isa = PBXBuildFile; fileRef = 396ED81E1A45D0F000A4E2FD /* LaunchScreen.xib */; };
		396ED82C1A45D0F000A4E2FD /* L02CurrencyConcerterTests.swift in Sources */ = {isa = PBXBuildFile; fileRef = 396ED82B1A45D0F000A4E2FD /* L02CurrencyConcerterTests.swift */; };
/* End PBXBuildFile section */

/* Begin PBXContainerItemProxy section */
		396ED8261A45D0F000A4E2FD /* PBXContainerItemProxy */ = {
			isa = PBXContainerItemProxy;
			containerPortal = 396ED8081A45D0F000A4E2FD /* Project object */;
			proxyType = 1;
			remoteGlobalIDString = 396ED80F1A45D0F000A4E2FD;
			remoteInfo = L02CurrencyConcerter;
		};
/* End PBXContainerItemProxy section */

/* Begin PBXFileReference section */
		396ED8101A45D0F000A4E2FD /* L02CurrencyConcerter.app */ = {isa = PBXFileReference; explicitFileType = wrapper.application; includeInIndex = 0; path = L02CurrencyConcerter.app; sourceTree = BUILT_PRODUCTS_DIR; };
		396ED8141A45D0F000A4E2FD /* Info.plist */ = {isa = PBXFileReference; lastKnownFileType = text.plist.xml; path = Info.plist; sourceTree = "<group>"; };
		396ED8151A45D0F000A4E2FD /* AppDelegate.swift */ = {isa = PBXFileReference; lastKnownFileType = sourcecode.swift; path = AppDelegate.swift; sourceTree = "<group>"; };
		396ED8171A45D0F000A4E2FD /* ViewController.swift */ = {isa = PBXFileReference; lastKnownFileType = sourcecode.swift; path = ViewController.swift; sourceTree = "<group>"; };
		396ED81A1A45D0F000A4E2FD /* Base */ = {isa = PBXFileReference; lastKnownFileType = file.storyboard; name = Base; path = Base.lproj/Main.storyboard; sourceTree = "<group>"; };
		396ED81C1A45D0F000A4E2FD /* Images.xcassets */ = {isa = PBXFileReference; lastKnownFileType = folder.assetcatalog; path = Images.xcassets; sourceTree = "<group>"; };
		396ED81F1A45D0F000A4E2FD /* Base */ = {isa = PBXFileReference; lastKnownFileType = file.xib; name = Base; path = Base.lproj/LaunchScreen.xib; sourceTree = "<group>"; };
		396ED8251A45D0F000A4E2FD /* L02CurrencyConcerterTests.xctest */ = {isa = PBXFileReference; explicitFileType = wrapper.cfbundle; includeInIndex = 0; path = L02CurrencyConcerterTests.xctest; sourceTree = BUILT_PRODUCTS_DIR; };
		396ED82A1A45D0F000A4E2FD /* Info.plist */ = {isa = PBXFileReference; lastKnownFileType = text.plist.xml; path = Info.plist; sourceTree = "<group>"; };
		396ED82B1A45D0F000A4E2FD /* L02CurrencyConcerterTests.swift */ = {isa = PBXFileReference; lastKnownFileType = sourcecode.swift; path = L02CurrencyConcerterTests.swift; sourceTree = "<group>"; };
/* End PBXFileReference section */

/* Begin PBXFrameworksBuildPhase section */
		396ED80D1A45D0F000A4E2FD /* Frameworks */ = {
			isa = PBXFrameworksBuildPhase;
			buildActionMask = 2147483647;
			files = (
			);
			runOnlyForDeploymentPostprocessing = 0;
		};
		396ED8221A45D0F000A4E2FD /* Frameworks */ = {
			isa = PBXFrameworksBuildPhase;
			buildActionMask = 2147483647;
			files = (
			);
			runOnlyForDeploymentPostprocessing = 0;
		};
/* End PBXFrameworksBuildPhase section */

/* Begin PBXGroup section */
		396ED8071A45D0F000A4E2FD = {
			isa = PBXGroup;
			children = (
				396ED8121A45D0F000A4E2FD /* L02CurrencyConcerter */,
				396ED8281A45D0F000A4E2FD /* L02CurrencyConcerterTests */,
				396ED8111A45D0F000A4E2FD /* Products */,
			);
			sourceTree = "<group>";
		};
		396ED8111A45D0F000A4E2FD /* Products */ = {
			isa = PBXGroup;
			children = (
				396ED8101A45D0F000A4E2FD /* L02CurrencyConcerter.app */,
				396ED8251A45D0F000A4E2FD /* L02CurrencyConcerterTests.xctest */,
			);
			name = Products;
			sourceTree = "<group>";
		};
		396ED8121A45D0F000A4E2FD /* L02CurrencyConcerter */ = {
			isa = PBXGroup;
			children = (
				396ED8151A45D0F000A4E2FD /* AppDelegate.swift */,
				396ED8171A45D0F000A4E2FD /* ViewController.swift */,
				396ED8191A45D0F000A4E2FD /* Main.storyboard */,
				396ED81C1A45D0F000A4E2FD /* Images.xcassets */,
				396ED81E1A45D0F000A4E2FD /* LaunchScreen.xib */,
				396ED8131A45D0F000A4E2FD /* Supporting Files */,
			);
			path = L02CurrencyConcerter;
			sourceTree = "<group>";
		};
		396ED8131A45D0F000A4E2FD /* Supporting Files */ = {
			isa = PBXGroup;
			children = (
				396ED8141A45D0F000A4E2FD /* Info.plist */,
			);
			name = "Supporting Files";
			sourceTree = "<group>";
		};
		396ED8281A45D0F000A4E2FD /* L02CurrencyConcerterTests */ = {
			isa = PBXGroup;
			children = (
				396ED82B1A45D0F000A4E2FD /* L02CurrencyConcerterTests.swift */,
				396ED8291A45D0F000A4E2FD /* Supporting Files */,
			);
			path = L02CurrencyConcerterTests;
			sourceTree = "<group>";
		};
		396ED8291A45D0F000A4E2FD /* Supporting Files */ = {
			isa = PBXGroup;
			children = (
				396ED82A1A45D0F000A4E2FD /* Info.plist */,
			);
			name = "Supporting Files";
			sourceTree = "<group>";
		};
/* End PBXGroup section */

/* Begin PBXNativeTarget section */
		396ED80F1A45D0F000A4E2FD /* L02CurrencyConcerter */ = {
			isa = PBXNativeTarget;
			buildConfigurationList = 396ED82F1A45D0F000A4E2FD /* Build configuration list for PBXNativeTarget "L02CurrencyConcerter" */;
			buildPhases = (
				396ED80C1A45D0F000A4E2FD /* Sources */,
				396ED80D1A45D0F000A4E2FD /* Frameworks */,
				396ED80E1A45D0F000A4E2FD /* Resources */,
			);
			buildRules = (
			);
			dependencies = (
			);
			name = L02CurrencyConcerter;
			productName = L02CurrencyConcerter;
			productReference = 396ED8101A45D0F000A4E2FD /* L02CurrencyConcerter.app */;
			productType = "com.apple.product-type.application";
		};
		396ED8241A45D0F000A4E2FD /* L02CurrencyConcerterTests */ = {
			isa = PBXNativeTarget;
			buildConfigurationList = 396ED8321A45D0F000A4E2FD /* Build configuration list for PBXNativeTarget "L02CurrencyConcerterTests" */;
			buildPhases = (
				396ED8211A45D0F000A4E2FD /* Sources */,
				396ED8221A45D0F000A4E2FD /* Frameworks */,
				396ED8231A45D0F000A4E2FD /* Resources */,
			);
			buildRules = (
			);
			dependencies = (
				396ED8271A45D0F000A4E2FD /* PBXTargetDependency */,
			);
			name = L02CurrencyConcerterTests;
			productName = L02CurrencyConcerterTests;
			productReference = 396ED8251A45D0F000A4E2FD /* L02CurrencyConcerterTests.xctest */;
			productType = "com.apple.product-type.bundle.unit-test";
		};
/* End PBXNativeTarget section */

/* Begin PBXProject section */
		396ED8081A45D0F000A4E2FD /* Project object */ = {
			isa = PBXProject;
			attributes = {
				LastUpgradeCheck = 0610;
				ORGANIZATIONNAME = "Vladimir Roudakov";
				TargetAttributes = {
					396ED80F1A45D0F000A4E2FD = {
						CreatedOnToolsVersion = 6.1.1;
					};
					396ED8241A45D0F000A4E2FD = {
						CreatedOnToolsVersion = 6.1.1;
						TestTargetID = 396ED80F1A45D0F000A4E2FD;
					};
				};
			};
			buildConfigurationList = 396ED80B1A45D0F000A4E2FD /* Build configuration list for PBXProject "L02CurrencyConcerter" */;
			compatibilityVersion = "Xcode 3.2";
			developmentRegion = English;
			hasScannedForEncodings = 0;
			knownRegions = (
				en,
				Base,
			);
			mainGroup = 396ED8071A45D0F000A4E2FD;
			productRefGroup = 396ED8111A45D0F000A4E2FD /* Products */;
			projectDirPath = "";
			projectRoot = "";
			targets = (
				396ED80F1A45D0F000A4E2FD /* L02CurrencyConcerter */,
				396ED8241A45D0F000A4E2FD /* L02CurrencyConcerterTests */,
			);
		};
/* End PBXProject section */

/* Begin PBXResourcesBuildPhase section */
		396ED80E1A45D0F000A4E2FD /* Resources */ = {
			isa = PBXResourcesBuildPhase;
			buildActionMask = 2147483647;
			files = (
				396ED81B1A45D0F000A4E2FD /* Main.storyboard in Resources */,
				396ED8201A45D0F000A4E2FD /* LaunchScreen.xib in Resources */,
				396ED81D1A45D0F000A4E2FD /* Images.xcassets in Resources */,
			);
			runOnlyForDeploymentPostprocessing = 0;
		};
		396ED8231A45D0F000A4E2FD /* Resources */ = {
			isa = PBXResourcesBuildPhase;
			buildActionMask = 2147483647;
			files = (
			);
			runOnlyForDeploymentPostprocessing = 0;
		};
/* End PBXResourcesBuildPhase section */

/* Begin PBXSourcesBuildPhase section */
		396ED80C1A45D0F000A4E2FD /* Sources */ = {
			isa = PBXSourcesBuildPhase;
			buildActionMask = 2147483647;
			files = (
				396ED8181A45D0F000A4E2FD /* ViewController.swift in Sources */,
				396ED8161A45D0F000A4E2FD /* AppDelegate.swift in Sources */,
			);
			runOnlyForDeploymentPostprocessing = 0;
		};
		396ED8211A45D0F000A4E2FD /* Sources */ = {
			isa = PBXSourcesBuildPhase;
			buildActionMask = 2147483647;
			files = (
				396ED82C1A45D0F000A4E2FD /* L02CurrencyConcerterTests.swift in Sources */,
			);
			runOnlyForDeploymentPostprocessing = 0;
		};
/* End PBXSourcesBuildPhase section */

/* Begin PBXTargetDependency section */
		396ED8271A45D0F000A4E2FD /* PBXTargetDependency */ = {
			isa = PBXTargetDependency;
			target = 396ED80F1A45D0F000A4E2FD /* L02CurrencyConcerter */;
			targetProxy = 396ED8261A45D0F000A4E2FD /* PBXContainerItemProxy */;
		};
/* End PBXTargetDependency section */

/* Begin PBXVariantGroup section */
		396ED8191A45D0F000A4E2FD /* Main.storyboard */ = {
			isa = PBXVariantGroup;
			children = (
				396ED81A1A45D0F000A4E2FD /* Base */,
			);
			name = Main.storyboard;
			sourceTree = "<group>";
		};
		396ED81E1A45D0F000A4E2FD /* LaunchScreen.xib */ = {
			isa = PBXVariantGroup;
			children = (
				396ED81F1A45D0F000A4E2FD /* Base */,
			);
			name = LaunchScreen.xib;
			sourceTree = "<group>";
		};
/* End PBXVariantGroup section */

/* Begin XCBuildConfiguration section */
		396ED82D1A45D0F000A4E2FD /* Debug */ = {
			isa = XCBuildConfiguration;
			buildSettings = {
				ALWAYS_SEARCH_USER_PATHS = NO;
				CLANG_CXX_LANGUAGE_STANDARD = "gnu++0x";
				CLANG_CXX_LIBRARY = "libc++";
				CLANG_ENABLE_MODULES = YES;
				CLANG_ENABLE_OBJC_ARC = YES;
				CLANG_WARN_BOOL_CONVERSION = YES;
				CLANG_WARN_CONSTANT_CONVERSION = YES;
				CLANG_WARN_DIRECT_OBJC_ISA_USAGE = YES_ERROR;
				CLANG_WARN_EMPTY_BODY = YES;
				CLANG_WARN_ENUM_CONVERSION = YES;
				CLANG_WARN_INT_CONVERSION = YES;
				CLANG_WARN_OBJC_ROOT_CLASS = YES_ERROR;
				CLANG_WARN_UNREACHABLE_CODE = YES;
				CLANG_WARN__DUPLICATE_METHOD_MATCH = YES;
				"CODE_SIGN_IDENTITY[sdk=iphoneos*]" = "iPhone Developer";
				COPY_PHASE_STRIP = NO;
				ENABLE_STRICT_OBJC_MSGSEND = YES;
				GCC_C_LANGUAGE_STANDARD = gnu99;
				GCC_DYNAMIC_NO_PIC = NO;
				GCC_OPTIMIZATION_LEVEL = 0;
				GCC_PREPROCESSOR_DEFINITIONS = (
					"DEBUG=1",
					"$(inherited)",
				);
				GCC_SYMBOLS_PRIVATE_EXTERN = NO;
				GCC_WARN_64_TO_32_BIT_CONVERSION = YES;
				GCC_WARN_ABOUT_RETURN_TYPE = YES_ERROR;
				GCC_WARN_UNDECLARED_SELECTOR = YES;
				GCC_WARN_UNINITIALIZED_AUTOS = YES_AGGRESSIVE;
				GCC_WARN_UNUSED_FUNCTION = YES;
				GCC_WARN_UNUSED_VARIABLE = YES;
				IPHONEOS_DEPLOYMENT_TARGET = 8.1;
				MTL_ENABLE_DEBUG_INFO = YES;
				ONLY_ACTIVE_ARCH = YES;
				SDKROOT = iphoneos;
				SWIFT_OPTIMIZATION_LEVEL = "-Onone";
				TARGETED_DEVICE_FAMILY = "1,2";
			};
			name = Debug;
		};
		396ED82E1A45D0F000A4E2FD /* Release */ = {
			isa = XCBuildConfiguration;
			buildSettings = {
				ALWAYS_SEARCH_USER_PATHS = NO;
				CLANG_CXX_LANGUAGE_STANDARD = "gnu++0x";
				CLANG_CXX_LIBRARY = "libc++";
				CLANG_ENABLE_MODULES = YES;
				CLANG_ENABLE_OBJC_ARC = YES;
				CLANG_WARN_BOOL_CONVERSION = YES;
				CLANG_WARN_CONSTANT_CONVERSION = YES;
				CLANG_WARN_DIRECT_OBJC_ISA_USAGE = YES_ERROR;
				CLANG_WARN_EMPTY_BODY = YES;
				CLANG_WARN_ENUM_CONVERSION = YES;
				CLANG_WARN_INT_CONVERSION = YES;
				CLANG_WARN_OBJC_ROOT_CLASS = YES_ERROR;
				CLANG_WARN_UNREACHABLE_CODE = YES;
				CLANG_WARN__DUPLICATE_METHOD_MATCH = YES;
				"CODE_SIGN_IDENTITY[sdk=iphoneos*]" = "iPhone Developer";
				COPY_PHASE_STRIP = YES;
				ENABLE_NS_ASSERTIONS = NO;
				ENABLE_STRICT_OBJC_MSGSEND = YES;
				GCC_C_LANGUAGE_STANDARD = gnu99;
				GCC_WARN_64_TO_32_BIT_CONVERSION = YES;
				GCC_WARN_ABOUT_RETURN_TYPE = YES_ERROR;
				GCC_WARN_UNDECLARED_SELECTOR = YES;
				GCC_WARN_UNINITIALIZED_AUTOS = YES_AGGRESSIVE;
				GCC_WARN_UNUSED_FUNCTION = YES;
				GCC_WARN_UNUSED_VARIABLE = YES;
				IPHONEOS_DEPLOYMENT_TARGET = 8.1;
				MTL_ENABLE_DEBUG_INFO = NO;
				SDKROOT = iphoneos;
				TARGETED_DEVICE_FAMILY = "1,2";
				VALIDATE_PRODUCT = YES;
			};
			name = Release;
		};
		396ED8301A45D0F000A4E2FD /* Debug */ = {
			isa = XCBuildConfiguration;
			buildSettings = {
				ASSETCATALOG_COMPILER_APPICON_NAME = AppIcon;
				INFOPLIST_FILE = L02CurrencyConcerter/Info.plist;
				LD_RUNPATH_SEARCH_PATHS = "$(inherited) @executable_path/Frameworks";
				PRODUCT_NAME = "$(TARGET_NAME)";
			};
			name = Debug;
		};
		396ED8311A45D0F000A4E2FD /* Release */ = {
			isa = XCBuildConfiguration;
			buildSettings = {
				ASSETCATALOG_COMPILER_APPICON_NAME = AppIcon;
				INFOPLIST_FILE = L02CurrencyConcerter/Info.plist;
				LD_RUNPATH_SEARCH_PATHS = "$(inherited) @executable_path/Frameworks";
				PRODUCT_NAME = "$(TARGET_NAME)";
			};
			name = Release;
		};
		396ED8331A45D0F000A4E2FD /* Debug */ = {
			isa = XCBuildConfiguration;
			buildSettings = {
				BUNDLE_LOADER = "$(TEST_HOST)";
				FRAMEWORK_SEARCH_PATHS = (
					"$(SDKROOT)/Developer/Library/Frameworks",
					"$(inherited)",
				);
				GCC_PREPROCESSOR_DEFINITIONS = (
					"DEBUG=1",
					"$(inherited)",
				);
				INFOPLIST_FILE = L02CurrencyConcerterTests/Info.plist;
				LD_RUNPATH_SEARCH_PATHS = "$(inherited) @executable_path/Frameworks @loader_path/Frameworks";
				PRODUCT_NAME = "$(TARGET_NAME)";
				TEST_HOST = "$(BUILT_PRODUCTS_DIR)/L02CurrencyConcerter.app/L02CurrencyConcerter";
			};
			name = Debug;
		};
		396ED8341A45D0F000A4E2FD /* Release */ = {
			isa = XCBuildConfiguration;
			buildSettings = {
				BUNDLE_LOADER = "$(TEST_HOST)";
				FRAMEWORK_SEARCH_PATHS = (
					"$(SDKROOT)/Developer/Library/Frameworks",
					"$(inherited)",
				);
				INFOPLIST_FILE = L02CurrencyConcerterTests/Info.plist;
				LD_RUNPATH_SEARCH_PATHS = "$(inherited) @executable_path/Frameworks @loader_path/Frameworks";
				PRODUCT_NAME = "$(TARGET_NAME)";
				TEST_HOST = "$(BUILT_PRODUCTS_DIR)/L02CurrencyConcerter.app/L02CurrencyConcerter";
			};
			name = Release;
		};
/* End XCBuildConfiguration section */

/* Begin XCConfigurationList section */
		396ED80B1A45D0F000A4E2FD /* Build configuration list for PBXProject "L02CurrencyConcerter" */ = {
			isa = XCConfigurationList;
			buildConfigurations = (
				396ED82D1A45D0F000A4E2FD /* Debug */,
				396ED82E1A45D0F000A4E2FD /* Release */,
			);
			defaultConfigurationIsVisible = 0;
			defaultConfigurationName = Release;
		};
		396ED82F1A45D0F000A4E2FD /* Build configuration list for PBXNativeTarget "L02CurrencyConcerter" */ = {
			isa = XCConfigurationList;
			buildConfigurations = (
				396ED8301A45D0F000A4E2FD /* Debug */,
				396ED8311A45D0F000A4E2FD /* Release */,
			);
			defaultConfigurationIsVisible = 0;
		};
		396ED8321A45D0F000A4E2FD /* Build configuration list for PBXNativeTarget "L02CurrencyConcerterTests" */ = {
			isa = XCConfigurationList;
			buildConfigurations = (
				396ED8331A45D0F000A4E2FD /* Debug */,
				396ED8341A45D0F000A4E2FD /* Release */,
			);
			defaultConfigurationIsVisible = 0;
		};
/* End XCConfigurationList section */
	};
	rootObject = 396ED8081A45D0F000A4E2FD /* Project object */;
}
